
Microsoft Visual Studio Solution File, Format Version 12.00
# Visual Studio Version 16
VisualStudioVersion = 16.0.30503.244
MinimumVisualStudioVersion = 10.0.40219.1
Project("{FAE04EC0-301F-11D3-BF4B-00C04F79EFBC}") = "Mowei.Stock", "Mowei.Stock.csproj", "{DBDA795E-1C21-4849-8136-843560272151}"
EndProject
Global
	GlobalSection(SolutionConfigurationPlatforms) = preSolution
		Debug|Any CPU = Debug|Any CPU
		Release|Any CPU = Release|Any CPU
	EndGlobalSection
	GlobalSection(ProjectConfigurationPlatforms) = postSolution
		{DBDA795E-1C21-4849-8136-843560272151}.Debug|Any CPU.ActiveCfg = Debug|Any CPU
		{DBDA795E-1C21-4849-8136-843560272151}.Debug|Any CPU.Build.0 = Debug|Any CPU
		{DBDA795E-1C21-4849-8136-843560272151}.Release|Any CPU.ActiveCfg = Release|Any CPU
		{DBDA795E-1C21-4849-8136-843560272151}.Release|Any CPU.Build.0 = Release|Any CPU
	EndGlobalSection
	GlobalSection(SolutionProperties) = preSolution
		HideSolutionNode = FALSE
	EndGlobalSection
	GlobalSection(ExtensibilityGlobals) = postSolution
		SolutionGuid = {C5185330-A576-45FA-864D-1DCCEEAEF339}
	EndGlobalSection
EndGlobal
